<?xml version="1.0" encoding="utf-8"?>
<Project ToolsVersion="4.0" xmlns="http://schemas.microsoft.com/developer/msbuild/2003">
  <ItemGroup>
    <ClCompile Include="Object\FlowField.cpp">
      <Filter>01. Object</Filter>
    </ClCompile>
    <ClCompile Include="Object\Bullet.cpp">
      <Filter>01. Object</Filter>
    </ClCompile>
    <ClCompile Include="Object\Orb.cpp">
      <Filter>01. Object</Filter>
    </ClCompile>
    <ClCompile Include="Object\Player.cpp">
      <Filter>01. Object</Filter>
    </ClCompile>
    <ClCompile Include="Scene\GameScene.cpp">
      <Filter>02. Scene</Filter>
    </ClCompile>
    <ClCompile Include="Object\Enemy.cpp">
      <Filter>01. Object</Filter>
    </ClCompile>
    <ClCompile Include="Object\Monster.cpp">
      <Filter>01. Object</Filter>
    </ClCompile>
    <ClCompile Include="Scene\StartScene.cpp">
      <Filter>02. Scene</Filter>
    </ClCompile>
    <ClCompile Include="UI\EnemyCountHUD.cpp">
      <Filter>03. UI</Filter>
    </ClCompile>
    <ClCompile Include="UI\Inventory.cpp">
      <Filter>03. UI</Filter>
    </ClCompile>
    <ClCompile Include="UI\ItemIcon.cpp">
      <Filter>03. UI</Filter>
    </ClCompile>
    <ClCompile Include="UI\LevelUpChoices.cpp">
      <Filter>03. UI</Filter>
    </ClCompile>
    <ClCompile Include="Object\PlayerState.cpp">
      <Filter>04. State</Filter>
    </ClCompile>
    <ClCompile Include="Object\Trail.cpp">
      <Filter>05. Component</Filter>
    </ClCompile>
    <ClCompile Include="Object\Tree.cpp">
      <Filter>05. Component</Filter>
    </ClCompile>
    <ClCompile Include="Object\Attackable.cpp">
      <Filter>05. Component</Filter>
    </ClCompile>
    <ClCompile Include="Object\MonsterState.cpp">
      <Filter>04. State</Filter>
    </ClCompile>
    <ClCompile Include="Scene\EnemySpawner.cpp" />
    <ClCompile Include="Scene\GameWorldBuilder.cpp" />
    <ClCompile Include="UI\DamageText.cpp">
      <Filter>03. UI</Filter>
    </ClCompile>
    <ClCompile Include="Object\EnemyDatabase.cpp">
      <Filter>06. Data</Filter>
    </ClCompile>
    <ClCompile Include="Object\SpawnConfig.cpp">
      <Filter>06. Data</Filter>
    </ClCompile>
    <ClCompile Include="Object\WeaponDatabase.cpp">
      <Filter>06. Data</Filter>
    </ClCompile>
  </ItemGroup>
  <ItemGroup>
    <ClInclude Include="Object\FlowField.h">
      <Filter>01. Object</Filter>
    </ClInclude>
    <ClInclude Include="Object\Bullet.h">
      <Filter>01. Object</Filter>
    </ClInclude>
    <ClInclude Include="Object\Orb.h">
      <Filter>01. Object</Filter>
    </ClInclude>
    <ClInclude Include="Object\Player.h">
      <Filter>01. Object</Filter>
    </ClInclude>
    <ClInclude Include="Scene\GameScene.h">
      <Filter>02. Scene</Filter>
    </ClInclude>
    <ClInclude Include="Object\Enemy.h">
      <Filter>01. Object</Filter>
    </ClInclude>
    <ClInclude Include="Object\Monster.h">
      <Filter>01. Object</Filter>
    </ClInclude>
    <ClInclude Include="Scene\StartScene.h">
      <Filter>02. Scene</Filter>
    </ClInclude>
    <ClInclude Include="UI\EnemyCountHUD.h">
      <Filter>03. UI</Filter>
    </ClInclude>
    <ClInclude Include="UI\ItemIcon.h">
      <Filter>03. UI</Filter>
    </ClInclude>
    <ClInclude Include="UI\Inventory.h">
      <Filter>03. UI</Filter>
    </ClInclude>
    <ClInclude Include="UI\LevelUpChoices.h">
      <Filter>03. UI</Filter>
    </ClInclude>
    <ClInclude Include="Object\State.h">
      <Filter>04. State</Filter>
    </ClInclude>
    <ClInclude Include="Object\PlayerState.h">
      <Filter>04. State</Filter>
    </ClInclude>
    <ClInclude Include="Object\Tree.h">
      <Filter>05. Component</Filter>
    </ClInclude>
    <ClInclude Include="Object\Trail.h">
      <Filter>05. Component</Filter>
    </ClInclude>
    <ClInclude Include="Object\Attackable.h">
      <Filter>05. Component</Filter>
    </ClInclude>
    <ClInclude Include="Object\MonsterState.h">
      <Filter>04. State</Filter>
    </ClInclude>
    <ClInclude Include="Util\CSVLoader.h" />
    <ClInclude Include="Scene\EnemySpawner.h" />
    <ClInclude Include="Scene\GameWorldBuilder.h" />
    <ClInclude Include="UI\DamageText.h">
      <Filter>03. UI</Filter>
    </ClInclude>
    <ClInclude Include="Object\EnemyData.h">
      <Filter>06. Data</Filter>
    </ClInclude>
    <ClInclude Include="Object\EnemyDatabase.h">
      <Filter>06. Data</Filter>
    </ClInclude>
    <ClInclude Include="Object\SpawnConfig.h">
      <Filter>06. Data</Filter>
    </ClInclude>
    <ClInclude Include="Object\WeaponDatabase.h">
      <Filter>06. Data</Filter>
    </ClInclude>
    <ClInclude Include="Object\WeaponData.h">
      <Filter>06. Data</Filter>
    </ClInclude>
  </ItemGroup>
  <ItemGroup>
    <None Include="Copy.bat" />
  </ItemGroup>
  <ItemGroup>
    <Filter Include="01. Object">
      <UniqueIdentifier>{abcf091b-0617-4b14-a741-57662cdfde5a}</UniqueIdentifier>
    </Filter>
    <Filter Include="02. Scene">
      <UniqueIdentifier>{51f681e5-318f-4663-9029-c0b7ac9fa83c}</UniqueIdentifier>
    </Filter>
    <Filter Include="03. UI">
      <UniqueIdentifier>{d52cf800-6f1f-4c11-8a1a-94da4beade61}</UniqueIdentifier>
    </Filter>
    <Filter Include="04. State">
      <UniqueIdentifier>{7ebea3ac-fa3e-4c34-aa07-0d2bc989a2e9}</UniqueIdentifier>
    </Filter>
    <Filter Include="05. Component">
      <UniqueIdentifier>{b3f51d25-4ecb-428b-8f9c-8890afe7ede0}</UniqueIdentifier>
    </Filter>
    <Filter Include="06. Data">
      <UniqueIdentifier>{ce30b49b-af12-4257-9553-69a741264bb7}</UniqueIdentifier>
    </Filter>
  </ItemGroup>
</Project>