<?xml version="1.0" encoding="utf-8"?>
<Project ToolsVersion="4.0" xmlns="http://schemas.microsoft.com/developer/msbuild/2003">
  <ItemGroup>
    <ClCompile Include="Object\FlowField.cpp">
      <Filter>01. Object</Filter>
    </ClCompile>
    <ClCompile Include="Object\Bullet.cpp">
      <Filter>01. Object</Filter>
    </ClCompile>
    <ClCompile Include="Object\Orb.cpp">
      <Filter>01. Object</Filter>
    </ClCompile>
    <ClCompile Include="Object\Player.cpp">
      <Filter>01. Object</Filter>
    </ClCompile>
    <ClCompile Include="Scene\GameScene.cpp">
      <Filter>02. Scene</Filter>
    </ClCompile>
    <ClCompile Include="Object\Enemy.cpp">
      <Filter>01. Object</Filter>
    </ClCompile>
    <ClCompile Include="Object\EnemyBullet.cpp">
      <Filter>01. Object</Filter>
    </ClCompile>
    <ClCompile Include="Object\Tower.cpp">
      <Filter>01. Object</Filter>
    </ClCompile>
    <ClCompile Include="Object\HealTower.cpp">
      <Filter>01. Object</Filter>
    </ClCompile>
    <ClCompile Include="Object\Vfx\HealAuraManager.cpp">
      <Filter>09. VFX</Filter>
    </ClCompile>
    <ClCompile Include="Object\Vfx\BeamRenderManager.cpp">
      <Filter>09. VFX</Filter>
    </ClCompile>
    <ClCompile Include="Object\Vfx\TrailRenderManager.cpp">
      <Filter>09. VFX</Filter>
    </ClCompile>
    <ClCompile Include="Object\Vfx\DeathBurstManager.cpp">
      <Filter>09. VFX</Filter>
    </ClCompile>
    <ClCompile Include="Object\Vfx\SpawnTelegraphManager.cpp">
      <Filter>09. VFX</Filter>
    </ClCompile>
    <ClCompile Include="Object\TowerPlacementController.cpp">
      <Filter>01. Object</Filter>
    </ClCompile>
    <ClCompile Include="UI\TowerIntermissionUI.cpp">
      <Filter>03. UI</Filter>
    </ClCompile>
    <ClCompile Include="UI\StartWeaponSelectUI.cpp">
      <Filter>03. UI</Filter>
    </ClCompile>
    <ClCompile Include="Object\Monster.cpp">
      <Filter>01. Object</Filter>
    </ClCompile>
    <ClCompile Include="Scene\StartScene.cpp">
      <Filter>02. Scene</Filter>
    </ClCompile>
    <ClCompile Include="UI\EnemyCountHUD.cpp">
      <Filter>03. UI</Filter>
    </ClCompile>
    <ClCompile Include="UI\Inventory.cpp">
      <Filter>03. UI</Filter>
    </ClCompile>
    <ClCompile Include="UI\ItemIcon.cpp">
      <Filter>03. UI</Filter>
    </ClCompile>
    <ClCompile Include="UI\LevelUpChoices.cpp">
      <Filter>03. UI</Filter>
    </ClCompile>
    <ClCompile Include="Object\PlayerState.cpp">
      <Filter>04. State</Filter>
    </ClCompile>
    <ClCompile Include="Object\Trail.cpp">
      <Filter>05. Component</Filter>
    </ClCompile>
    <ClCompile Include="Object\Tree.cpp">
      <Filter>05. Component</Filter>
    </ClCompile>
    <ClCompile Include="Object\Attackable.cpp">
      <Filter>05. Component</Filter>
    </ClCompile>
    <ClCompile Include="Object\MonsterState.cpp">
      <Filter>04. State</Filter>
    </ClCompile>
    <ClCompile Include="Scene\EnemySpawner.cpp" />
    <ClCompile Include="Scene\GameWorldBuilder.cpp" />
    <ClCompile Include="UI\DamageText.cpp">
      <Filter>03. UI</Filter>
    </ClCompile>
    <ClCompile Include="Object\EnemyDatabase.cpp">
      <Filter>06. Data</Filter>
    </ClCompile>
    <ClCompile Include="Object\RoundDatabase.cpp">
      <Filter>06. Data</Filter>
    </ClCompile>
    <ClCompile Include="Object\SpawnConfig.cpp">
      <Filter>06. Data</Filter>
    </ClCompile>
    <ClCompile Include="Object\WeaponDatabase.cpp">
      <Filter>06. Data</Filter>
    </ClCompile>
    <ClCompile Include="Object\Movement\BulletMovementFactory.cpp" />
    <ClCompile Include="Object\GameStateManager.cpp" />
    <ClCompile Include="Object\Movement\AimedMovement.cpp">
      <Filter>07. Movement</Filter>
    </ClCompile>
    <ClCompile Include="Object\Movement\HomingMovement.cpp">
      <Filter>07. Movement</Filter>
    </ClCompile>
    <ClCompile Include="Object\Movement\OrbitalMovement.cpp">
      <Filter>07. Movement</Filter>
    </ClCompile>
    <ClCompile Include="Object\Movement\SpiralMovement.cpp">
      <Filter>07. Movement</Filter>
    </ClCompile>
    <ClCompile Include="Object\Movement\StraightMovement.cpp">
      <Filter>07. Movement</Filter>
    </ClCompile>
    <ClCompile Include="Object\Impact\KnockbackEffect.cpp">
      <Filter>08. Impact</Filter>
    </ClCompile>
    <ClCompile Include="Object\Impact\BurnEffect.cpp">
      <Filter>08. Impact</Filter>
    </ClCompile>
    <ClCompile Include="Object\Impact\SlowEffect.cpp">
      <Filter>08. Impact</Filter>
    </ClCompile>
    <ClCompile Include="Object\Vfx\FragmentShard.cpp">
      <Filter>09. VFX</Filter>
    </ClCompile>
    <ClCompile Include="Object\Vfx\FragmentShatterManager.cpp">
      <Filter>09. VFX</Filter>
    </ClCompile>
    <ClCompile Include="Object\Vfx\VfxManager.cpp">
      <Filter>09. VFX</Filter>
    </ClCompile>
    <ClCompile Include="Object\Vfx\FootstepManager.cpp">
      <Filter>09. VFX</Filter>
    </ClCompile>
    <ClCompile Include="Object\Impact\GatherEffect.cpp">
      <Filter>08. Impact</Filter>
    </ClCompile>
    <ClCompile Include="Object\Impact\ImpactEffectFactory.cpp">
      <Filter>08. Impact</Filter>
    </ClCompile>
    <ClCompile Include="Object\UIObjects.cpp">
      <Filter>03. UI</Filter>
    </ClCompile>
    <ClCompile Include="UI\WeaponHUD.cpp">
      <Filter>03. UI</Filter>
    </ClCompile>
    <ClCompile Include="Object\EnemyMeshRenderer.cpp">
      <Filter>05. Component</Filter>
    </ClCompile>
    <ClCompile Include="UI\WeaponCombiner.cpp" />
    <ClCompile Include="Scene\WeaponComboScene.cpp">
      <Filter>02. Scene</Filter>
    </ClCompile>
    <ClCompile Include="UI\PauseMenuUI.cpp">
      <Filter>03. UI</Filter>
    </ClCompile>
    <ClCompile Include="UI\GameOverUI.cpp">
      <Filter>03. UI</Filter>
    </ClCompile>
    <ClCompile Include="UI\StartMenu.cpp">
      <Filter>03. UI</Filter>
    </ClCompile>
  </ItemGroup>
  <ItemGroup>
    <ClInclude Include="Object\FlowField.h">
      <Filter>01. Object</Filter>
    </ClInclude>
    <ClInclude Include="Object\Bullet.h">
      <Filter>01. Object</Filter>
    </ClInclude>
    <ClInclude Include="Object\Orb.h">
      <Filter>01. Object</Filter>
    </ClInclude>
    <ClInclude Include="Object\Player.h">
      <Filter>01. Object</Filter>
    </ClInclude>
    <ClInclude Include="Scene\GameScene.h">
      <Filter>02. Scene</Filter>
    </ClInclude>
    <ClInclude Include="Object\Enemy.h">
      <Filter>01. Object</Filter>
    </ClInclude>
    <ClInclude Include="Object\EnemyBullet.h">
      <Filter>01. Object</Filter>
    </ClInclude>
    <ClInclude Include="Object\Tower.h">
      <Filter>01. Object</Filter>
    </ClInclude>
    <ClInclude Include="Object\HealTower.h">
      <Filter>01. Object</Filter>
    </ClInclude>
    <ClInclude Include="Object\Vfx\HealAuraManager.h">
      <Filter>09. VFX</Filter>
    </ClInclude>
    <ClInclude Include="Object\Vfx\BeamRenderManager.h">
      <Filter>09. VFX</Filter>
    </ClInclude>
    <ClInclude Include="Object\Vfx\TrailRenderManager.h">
      <Filter>09. VFX</Filter>
    </ClInclude>
    <ClInclude Include="Object\Vfx\DeathBurstManager.h">
      <Filter>09. VFX</Filter>
    </ClInclude>
    <ClInclude Include="Object\Vfx\SpawnTelegraphManager.h">
      <Filter>09. VFX</Filter>
    </ClInclude>
    <ClInclude Include="Object\AggroTarget.h">
      <Filter>01. Object</Filter>
    </ClInclude>
    <ClInclude Include="Object\TowerManager.h">
      <Filter>01. Object</Filter>
    </ClInclude>
    <ClInclude Include="Object\TowerPlacementController.h">
      <Filter>01. Object</Filter>
    </ClInclude>
    <ClInclude Include="Object\Wallet.h">
      <Filter>01. Object</Filter>
    </ClInclude>
    <ClInclude Include="UI\TowerIntermissionUI.h">
      <Filter>03. UI</Filter>
    </ClInclude>
    <ClInclude Include="UI\StartWeaponSelectUI.h">
      <Filter>03. UI</Filter>
    </ClInclude>
    <ClInclude Include="Object\Monster.h">
      <Filter>01. Object</Filter>
    </ClInclude>
    <ClInclude Include="Scene\StartScene.h">
      <Filter>02. Scene</Filter>
    </ClInclude>
    <ClInclude Include="UI\EnemyCountHUD.h">
      <Filter>03. UI</Filter>
    </ClInclude>
    <ClInclude Include="UI\ItemIcon.h">
      <Filter>03. UI</Filter>
    </ClInclude>
    <ClInclude Include="UI\Inventory.h">
      <Filter>03. UI</Filter>
    </ClInclude>
    <ClInclude Include="UI\LevelUpChoices.h">
      <Filter>03. UI</Filter>
    </ClInclude>
    <ClInclude Include="Object\State.h">
      <Filter>04. State</Filter>
    </ClInclude>
    <ClInclude Include="Object\PlayerState.h">
      <Filter>04. State</Filter>
    </ClInclude>
    <ClInclude Include="Object\Tree.h">
      <Filter>05. Component</Filter>
    </ClInclude>
    <ClInclude Include="Object\Trail.h">
      <Filter>05. Component</Filter>
    </ClInclude>
    <ClInclude Include="Object\Attackable.h">
      <Filter>05. Component</Filter>
    </ClInclude>
    <ClInclude Include="Object\MonsterState.h">
      <Filter>04. State</Filter>
    </ClInclude>
    <ClInclude Include="Util\CSVLoader.h" />
    <ClInclude Include="Util\JsonLoader.h" />
    <ClInclude Include="Scene\EnemySpawner.h" />
    <ClInclude Include="Scene\GameWorldBuilder.h" />
    <ClInclude Include="UI\DamageText.h">
      <Filter>03. UI</Filter>
    </ClInclude>
    <ClInclude Include="Object\EnemyData.h">
      <Filter>06. Data</Filter>
    </ClInclude>
    <ClInclude Include="Object\EnemyDatabase.h">
      <Filter>06. Data</Filter>
    </ClInclude>
    <ClInclude Include="Object\RoundDatabase.h">
      <Filter>06. Data</Filter>
    </ClInclude>
    <ClInclude Include="Object\SpawnConfig.h">
      <Filter>06. Data</Filter>
    </ClInclude>
    <ClInclude Include="Object\WeaponDatabase.h">
      <Filter>06. Data</Filter>
    </ClInclude>
    <ClInclude Include="Object\WeaponData.h">
      <Filter>06. Data</Filter>
    </ClInclude>
    <ClInclude Include="Object\Movement\BulletMovementFactory.h" />
    <ClInclude Include="Object\GameStateManager.h" />
    <ClInclude Include="Object\Movement\AimedMovement.h">
      <Filter>07. Movement</Filter>
    </ClInclude>
    <ClInclude Include="Object\Movement\HomingMovement.h">
      <Filter>07. Movement</Filter>
    </ClInclude>
    <ClInclude Include="Object\Movement\IBulletMovement.h">
      <Filter>07. Movement</Filter>
    </ClInclude>
    <ClInclude Include="Object\Movement\OrbitalMovement.h">
      <Filter>07. Movement</Filter>
    </ClInclude>
    <ClInclude Include="Object\Movement\SpiralMovement.h">
      <Filter>07. Movement</Filter>
    </ClInclude>
    <ClInclude Include="Object\Movement\StraightMovement.h">
      <Filter>07. Movement</Filter>
    </ClInclude>
    <ClInclude Include="Object\UIObjects.h">
      <Filter>03. UI</Filter>
    </ClInclude>
    <ClInclude Include="UI\WeaponHUD.h">
      <Filter>03. UI</Filter>
    </ClInclude>
    <ClInclude Include="Object\EnemyMeshRenderer.h">
      <Filter>05. Component</Filter>
    </ClInclude>
    <ClInclude Include="Object\Movement\FixedMovement.h">
      <Filter>07. Movement</Filter>
    </ClInclude>
    <ClInclude Include="Object\Impact\IImpactEffect.h">
      <Filter>08. Impact</Filter>
    </ClInclude>
    <ClInclude Include="Object\Impact\KnockbackEffect.h">
      <Filter>08. Impact</Filter>
    </ClInclude>
    <ClInclude Include="Object\Impact\GatherEffect.h">
      <Filter>08. Impact</Filter>
    </ClInclude>
    <ClInclude Include="Object\Impact\ImpactEffectFactory.h">
      <Filter>08. Impact</Filter>
    </ClInclude>
    <ClInclude Include="Object\Impact\BurnEffect.h">
      <Filter>08. Impact</Filter>
    </ClInclude>
    <ClInclude Include="Object\Impact\SlowEffect.h">
      <Filter>08. Impact</Filter>
    </ClInclude>
    <ClInclude Include="Object\Vfx\FragmentShard.h">
      <Filter>09. VFX</Filter>
    </ClInclude>
    <ClInclude Include="Object\Vfx\FragmentShatterManager.h">
      <Filter>09. VFX</Filter>
    </ClInclude>
    <ClInclude Include="Object\Vfx\VfxManager.h">
      <Filter>09. VFX</Filter>
    </ClInclude>
    <ClInclude Include="Object\Vfx\FootstepManager.h">
      <Filter>09. VFX</Filter>
    </ClInclude>
    <ClInclude Include="UI\WeaponCombiner.h" />
    <ClInclude Include="Scene\WeaponComboScene.h">
      <Filter>02. Scene</Filter>
    </ClInclude>
    <ClInclude Include="UI\PauseMenuUI.h">
      <Filter>03. UI</Filter>
    </ClInclude>
    <ClInclude Include="UI\GameOverUI.h">
      <Filter>03. UI</Filter>
    </ClInclude>
    <ClInclude Include="UI\StartMenu.h">
      <Filter>03. UI</Filter>
    </ClInclude>
  </ItemGroup>
  <ItemGroup>
    <None Include="Copy.bat" />
  </ItemGroup>
  <ItemGroup>
    <Filter Include="01. Object">
      <UniqueIdentifier>{abcf091b-0617-4b14-a741-57662cdfde5a}</UniqueIdentifier>
    </Filter>
    <Filter Include="02. Scene">
      <UniqueIdentifier>{51f681e5-318f-4663-9029-c0b7ac9fa83c}</UniqueIdentifier>
    </Filter>
    <Filter Include="03. UI">
      <UniqueIdentifier>{d52cf800-6f1f-4c11-8a1a-94da4beade61}</UniqueIdentifier>
    </Filter>
    <Filter Include="04. State">
      <UniqueIdentifier>{7ebea3ac-fa3e-4c34-aa07-0d2bc989a2e9}</UniqueIdentifier>
    </Filter>
    <Filter Include="05. Component">
      <UniqueIdentifier>{b3f51d25-4ecb-428b-8f9c-8890afe7ede0}</UniqueIdentifier>
    </Filter>
    <Filter Include="06. Data">
      <UniqueIdentifier>{ce30b49b-af12-4257-9553-69a741264bb7}</UniqueIdentifier>
    </Filter>
    <Filter Include="07. Movement">
      <UniqueIdentifier>{ca02ad20-ade7-4f5f-a07f-f2ed8d621b61}</UniqueIdentifier>
    </Filter>
    <Filter Include="08. Impact">
      <UniqueIdentifier>{b3f1c9d4-2a77-4e6b-9c10-7d5e8a1f2b34}</UniqueIdentifier>
    </Filter>
    <Filter Include="09. VFX">
      <UniqueIdentifier>{c4e2da15-3b88-4f7c-ad21-8e6f9b2a3c45}</UniqueIdentifier>
    </Filter>
  </ItemGroup>
</Project>